
Microsoft Visual Studio Solution File, Format Version 12.00
# Visual Studio Version 17
VisualStudioVersion = 17.11.35431.28
MinimumVisualStudioVersion = 10.0.40219.1
Project("{FAE04EC0-301F-11D3-BF4B-00C04F79EFBC}") = "OnlineQuizSystem", "OnlineQuizSystem\OnlineQuizSystem.csproj", "{4791F586-B189-4A00-B97D-11425D71790C}"
EndProject
Global
	GlobalSection(SolutionConfigurationPlatforms) = preSolution
		Debug|Any CPU = Debug|Any CPU
		Release|Any CPU = Release|Any CPU
	EndGlobalSection
	GlobalSection(ProjectConfigurationPlatforms) = postSolution
		{4791F586-B189-4A00-B97D-11425D71790C}.Debug|Any CPU.ActiveCfg = Debug|Any CPU
		{4791F586-B189-4A00-B97D-11425D71790C}.Debug|Any CPU.Build.0 = Debug|Any CPU
		{4791F586-B189-4A00-B97D-11425D71790C}.Release|Any CPU.ActiveCfg = Release|Any CPU
		{4791F586-B189-4A00-B97D-11425D71790C}.Release|Any CPU.Build.0 = Release|Any CPU
	EndGlobalSection
	GlobalSection(SolutionProperties) = preSolution
		HideSolutionNode = FALSE
	EndGlobalSection
	GlobalSection(ExtensibilityGlobals) = postSolution
		SolutionGuid = {91B5388C-F815-4B3A-B079-A1B8FC7167C4}
	EndGlobalSection
EndGlobal
